
Microsoft Visual Studio Solution File, Format Version 12.00
# Visual Studio Version 16
VisualStudioVersion = 16.0.30128.36
MinimumVisualStudioVersion = 10.0.40219.1
Project("{9A19103F-16F7-4668-BE54-9A1E7A4F7556}") = "BartenderSupportSystem.Server", "BartenderSupportSystem\Server\BartenderSupportSystem.Server.csproj", "{282FE3D9-EA75-42FA-AAF3-E4F9D474B37A}"
EndProject
Project("{9A19103F-16F7-4668-BE54-9A1E7A4F7556}") = "BartenderSupportSystem.Shared", "BartenderSupportSystem\Shared\BartenderSupportSystem.Shared.csproj", "{07A66D0B-DBC4-440A-9349-C7A6DA1464CB}"
EndProject
Global
	GlobalSection(SolutionConfigurationPlatforms) = preSolution
		Debug|Any CPU = Debug|Any CPU
		Release|Any CPU = Release|Any CPU
	EndGlobalSection
	GlobalSection(ProjectConfigurationPlatforms) = postSolution
		{282FE3D9-EA75-42FA-AAF3-E4F9D474B37A}.Debug|Any CPU.ActiveCfg = Debug|Any CPU
		{282FE3D9-EA75-42FA-AAF3-E4F9D474B37A}.Debug|Any CPU.Build.0 = Debug|Any CPU
		{282FE3D9-EA75-42FA-AAF3-E4F9D474B37A}.Release|Any CPU.ActiveCfg = Release|Any CPU
		{282FE3D9-EA75-42FA-AAF3-E4F9D474B37A}.Release|Any CPU.Build.0 = Release|Any CPU
		{07A66D0B-DBC4-440A-9349-C7A6DA1464CB}.Debug|Any CPU.ActiveCfg = Debug|Any CPU
		{07A66D0B-DBC4-440A-9349-C7A6DA1464CB}.Debug|Any CPU.Build.0 = Debug|Any CPU
		{07A66D0B-DBC4-440A-9349-C7A6DA1464CB}.Release|Any CPU.ActiveCfg = Release|Any CPU
		{07A66D0B-DBC4-440A-9349-C7A6DA1464CB}.Release|Any CPU.Build.0 = Release|Any CPU
	EndGlobalSection
	GlobalSection(SolutionProperties) = preSolution
		HideSolutionNode = FALSE
	EndGlobalSection
	GlobalSection(ExtensibilityGlobals) = postSolution
		SolutionGuid = {0738D032-99F2-42C7-B846-E2911EDEE251}
	EndGlobalSection
EndGlobal
